
Microsoft Visual Studio Solution File, Format Version 12.00
# Visual Studio Version 17
VisualStudioVersion = 17.9.34902.65
MinimumVisualStudioVersion = 10.0.40219.1
Project("{FAE04EC0-301F-11D3-BF4B-00C04F79EFBC}") = "Server", "Server\Server.csproj", "{AA129CFF-5546-4DAC-B76F-F557396631BD}"
EndProject
Global
	GlobalSection(SolutionConfigurationPlatforms) = preSolution
		Debug|Any CPU = Debug|Any CPU
		Release|Any CPU = Release|Any CPU
	EndGlobalSection
	GlobalSection(ProjectConfigurationPlatforms) = postSolution
		{AA129CFF-5546-4DAC-B76F-F557396631BD}.Debug|Any CPU.ActiveCfg = Debug|Any CPU
		{AA129CFF-5546-4DAC-B76F-F557396631BD}.Debug|Any CPU.Build.0 = Debug|Any CPU
		{AA129CFF-5546-4DAC-B76F-F557396631BD}.Release|Any CPU.ActiveCfg = Release|Any CPU
		{AA129CFF-5546-4DAC-B76F-F557396631BD}.Release|Any CPU.Build.0 = Release|Any CPU
	EndGlobalSection
	GlobalSection(SolutionProperties) = preSolution
		HideSolutionNode = FALSE
	EndGlobalSection
	GlobalSection(ExtensibilityGlobals) = postSolution
		SolutionGuid = {A7238168-AA38-4AE6-9C5E-3D871FC5900D}
	EndGlobalSection
EndGlobal
